
Microsoft Visual Studio Solution File, Format Version 12.00
# Visual Studio 14
VisualStudioVersion = 14.0.25420.1
MinimumVisualStudioVersion = 10.0.40219.1
Project("{FAE04EC0-301F-11D3-BF4B-00C04F79EFBC}") = "FireUp", "FireUp\FireUp.csproj", "{E402B9B0-48F8-407F-BF99-D88261740A64}"
EndProject
Project("{2150E333-8FDC-42A3-9474-1A3956D46DE8}") = "Samples", "Samples", "{2EFBFE96-ACE7-4BDE-A8DA-6B1BC5B92292}"
EndProject
Project("{2150E333-8FDC-42A3-9474-1A3956D46DE8}") = "Simple", "Simple", "{31672C5B-DA16-4865-92DE-FA1910B21270}"
EndProject
Project("{2150E333-8FDC-42A3-9474-1A3956D46DE8}") = "Json", "Json", "{42AA39FD-26D6-4422-AF92-DD41C79A0552}"
EndProject
Project("{FAE04EC0-301F-11D3-BF4B-00C04F79EFBC}") = "FireUp.Samples.Json.Core", "FireUp.Samples.Json.Core\FireUp.Samples.Json.Core.csproj", "{43389A45-58FF-4EBD-9AA7-FB2B2D498D49}"
EndProject
Project("{FAE04EC0-301F-11D3-BF4B-00C04F79EFBC}") = "FireUp.Samples.Simple.Client", "FireUp.Samples.Simple.Client\FireUp.Samples.Simple.Client.csproj", "{7B7AB23D-F4AB-43E3-8AA4-318637019B0D}"
EndProject
Project("{FAE04EC0-301F-11D3-BF4B-00C04F79EFBC}") = "FireUp.Samples.Simple.Server", "FireUp.Samples.Simple.Server\FireUp.Samples.Simple.Server.csproj", "{A5B8A884-D77D-4158-A216-FD05083C465C}"
EndProject
Project("{FAE04EC0-301F-11D3-BF4B-00C04F79EFBC}") = "FireUp.Samples.Json.Client", "FireUp.Samples.Json.Client\FireUp.Samples.Json.Client.csproj", "{F0982F73-069F-4654-A828-A308DB453D01}"
EndProject
Project("{FAE04EC0-301F-11D3-BF4B-00C04F79EFBC}") = "FireUp.Samples.Json.Server", "FireUp.Samples.Json.Server\FireUp.Samples.Json.Server.csproj", "{64F8E886-3873-4040-BD89-C3382FE77BA3}"
EndProject
Global
	GlobalSection(SolutionConfigurationPlatforms) = preSolution
		Debug|Any CPU = Debug|Any CPU
		Release|Any CPU = Release|Any CPU
	EndGlobalSection
	GlobalSection(ProjectConfigurationPlatforms) = postSolution
		{E402B9B0-48F8-407F-BF99-D88261740A64}.Debug|Any CPU.ActiveCfg = Debug|Any CPU
		{E402B9B0-48F8-407F-BF99-D88261740A64}.Debug|Any CPU.Build.0 = Debug|Any CPU
		{E402B9B0-48F8-407F-BF99-D88261740A64}.Release|Any CPU.ActiveCfg = Release|Any CPU
		{E402B9B0-48F8-407F-BF99-D88261740A64}.Release|Any CPU.Build.0 = Release|Any CPU
		{43389A45-58FF-4EBD-9AA7-FB2B2D498D49}.Debug|Any CPU.ActiveCfg = Debug|Any CPU
		{43389A45-58FF-4EBD-9AA7-FB2B2D498D49}.Debug|Any CPU.Build.0 = Debug|Any CPU
		{43389A45-58FF-4EBD-9AA7-FB2B2D498D49}.Release|Any CPU.ActiveCfg = Release|Any CPU
		{43389A45-58FF-4EBD-9AA7-FB2B2D498D49}.Release|Any CPU.Build.0 = Release|Any CPU
		{7B7AB23D-F4AB-43E3-8AA4-318637019B0D}.Debug|Any CPU.ActiveCfg = Debug|Any CPU
		{7B7AB23D-F4AB-43E3-8AA4-318637019B0D}.Debug|Any CPU.Build.0 = Debug|Any CPU
		{7B7AB23D-F4AB-43E3-8AA4-318637019B0D}.Release|Any CPU.ActiveCfg = Release|Any CPU
		{7B7AB23D-F4AB-43E3-8AA4-318637019B0D}.Release|Any CPU.Build.0 = Release|Any CPU
		{A5B8A884-D77D-4158-A216-FD05083C465C}.Debug|Any CPU.ActiveCfg = Debug|Any CPU
		{A5B8A884-D77D-4158-A216-FD05083C465C}.Debug|Any CPU.Build.0 = Debug|Any CPU
		{A5B8A884-D77D-4158-A216-FD05083C465C}.Release|Any CPU.ActiveCfg = Release|Any CPU
		{A5B8A884-D77D-4158-A216-FD05083C465C}.Release|Any CPU.Build.0 = Release|Any CPU
		{F0982F73-069F-4654-A828-A308DB453D01}.Debug|Any CPU.ActiveCfg = Debug|Any CPU
		{F0982F73-069F-4654-A828-A308DB453D01}.Debug|Any CPU.Build.0 = Debug|Any CPU
		{F0982F73-069F-4654-A828-A308DB453D01}.Release|Any CPU.ActiveCfg = Release|Any CPU
		{F0982F73-069F-4654-A828-A308DB453D01}.Release|Any CPU.Build.0 = Release|Any CPU
		{64F8E886-3873-4040-BD89-C3382FE77BA3}.Debug|Any CPU.ActiveCfg = Debug|Any CPU
		{64F8E886-3873-4040-BD89-C3382FE77BA3}.Debug|Any CPU.Build.0 = Debug|Any CPU
		{64F8E886-3873-4040-BD89-C3382FE77BA3}.Release|Any CPU.ActiveCfg = Release|Any CPU
		{64F8E886-3873-4040-BD89-C3382FE77BA3}.Release|Any CPU.Build.0 = Release|Any CPU
	EndGlobalSection
	GlobalSection(SolutionProperties) = preSolution
		HideSolutionNode = FALSE
	EndGlobalSection
	GlobalSection(NestedProjects) = preSolution
		{31672C5B-DA16-4865-92DE-FA1910B21270} = {2EFBFE96-ACE7-4BDE-A8DA-6B1BC5B92292}
		{42AA39FD-26D6-4422-AF92-DD41C79A0552} = {2EFBFE96-ACE7-4BDE-A8DA-6B1BC5B92292}
		{43389A45-58FF-4EBD-9AA7-FB2B2D498D49} = {42AA39FD-26D6-4422-AF92-DD41C79A0552}
		{7B7AB23D-F4AB-43E3-8AA4-318637019B0D} = {31672C5B-DA16-4865-92DE-FA1910B21270}
		{A5B8A884-D77D-4158-A216-FD05083C465C} = {31672C5B-DA16-4865-92DE-FA1910B21270}
		{F0982F73-069F-4654-A828-A308DB453D01} = {42AA39FD-26D6-4422-AF92-DD41C79A0552}
		{64F8E886-3873-4040-BD89-C3382FE77BA3} = {42AA39FD-26D6-4422-AF92-DD41C79A0552}
	EndGlobalSection
EndGlobal
